
Microsoft Visual Studio Solution File, Format Version 10.00
# Visual Studio 2008
Project("{8BC9CEB8-8B4A-11D0-8D11-00A0C91BC942}") = "01.) Creating OpenGL 3.3 Window", "01.) Creating OpenGL 3.3 Window\01.) Creating OpenGL 3.3 Window.vcproj", "{FB5EE4B2-BBE9-4FED-81D4-594E236A2A70}"
EndProject
Global
	GlobalSection(SolutionConfigurationPlatforms) = preSolution
		Debug|Win32 = Debug|Win32
		Release|Win32 = Release|Win32
	EndGlobalSection
	GlobalSection(ProjectConfigurationPlatforms) = postSolution
		{FB5EE4B2-BBE9-4FED-81D4-594E236A2A70}.Debug|Win32.ActiveCfg = Debug|Win32
		{FB5EE4B2-BBE9-4FED-81D4-594E236A2A70}.Debug|Win32.Build.0 = Debug|Win32
		{FB5EE4B2-BBE9-4FED-81D4-594E236A2A70}.Release|Win32.ActiveCfg = Release|Win32
		{FB5EE4B2-BBE9-4FED-81D4-594E236A2A70}.Release|Win32.Build.0 = Release|Win32
	EndGlobalSection
	GlobalSection(SolutionProperties) = preSolution
		HideSolutionNode = FALSE
	EndGlobalSection
EndGlobal
